
Microsoft Visual Studio Solution File, Format Version 12.00
# Visual Studio Version 16
VisualStudioVersion = 16.0.29209.62
MinimumVisualStudioVersion = 10.0.40219.1
Project("{FAE04EC0-301F-11D3-BF4B-00C04F79EFBC}") = "IntellectKeep", "IntellectKeep\IntellectKeep.csproj", "{4BABB013-C2EF-42F4-8C4F-D25F196B419A}"
EndProject
Global
	GlobalSection(SolutionConfigurationPlatforms) = preSolution
		Debug|Any CPU = Debug|Any CPU
		Release|Any CPU = Release|Any CPU
	EndGlobalSection
	GlobalSection(ProjectConfigurationPlatforms) = postSolution
		{4BABB013-C2EF-42F4-8C4F-D25F196B419A}.Debug|Any CPU.ActiveCfg = Debug|Any CPU
		{4BABB013-C2EF-42F4-8C4F-D25F196B419A}.Debug|Any CPU.Build.0 = Debug|Any CPU
		{4BABB013-C2EF-42F4-8C4F-D25F196B419A}.Release|Any CPU.ActiveCfg = Release|Any CPU
		{4BABB013-C2EF-42F4-8C4F-D25F196B419A}.Release|Any CPU.Build.0 = Release|Any CPU
	EndGlobalSection
	GlobalSection(SolutionProperties) = preSolution
		HideSolutionNode = FALSE
	EndGlobalSection
	GlobalSection(ExtensibilityGlobals) = postSolution
		SolutionGuid = {1EAF3FEE-176F-4234-A89B-182E2CC2780E}
	EndGlobalSection
EndGlobal
